
Microsoft Visual Studio Solution File, Format Version 12.00
# Visual Studio Version 17
VisualStudioVersion = 17.8.34004.107
MinimumVisualStudioVersion = 10.0.40219.1
Project("{9A19103F-16F7-4668-BE54-9A1E7A4F7556}") = "BookLight", "learningProcess1\BookLight.csproj", "{7C1C21E7-44AD-41FF-A1C1-B1028F498670}"
EndProject
Project("{9A19103F-16F7-4668-BE54-9A1E7A4F7556}") = "Learnweb.DataAccess", "Learnweb.DataAccess\Learnweb.DataAccess.csproj", "{FB899D78-1E1E-4AA1-A7C6-F310B9D09C5B}"
EndProject
Project("{9A19103F-16F7-4668-BE54-9A1E7A4F7556}") = "Learnweb.Models", "Learnweb.Models\Learnweb.Models.csproj", "{B74738FB-D187-4485-AA73-6C7D266E76A7}"
EndProject
Project("{9A19103F-16F7-4668-BE54-9A1E7A4F7556}") = "Learnweb.Utility", "Learningweb.Utility\Learnweb.Utility.csproj", "{C8BD1144-60E0-474C-8F79-E7B60AAF49D9}"
EndProject
Global
	GlobalSection(SolutionConfigurationPlatforms) = preSolution
		Debug|Any CPU = Debug|Any CPU
		Release|Any CPU = Release|Any CPU
	EndGlobalSection
	GlobalSection(ProjectConfigurationPlatforms) = postSolution
		{7C1C21E7-44AD-41FF-A1C1-B1028F498670}.Debug|Any CPU.ActiveCfg = Debug|Any CPU
		{7C1C21E7-44AD-41FF-A1C1-B1028F498670}.Debug|Any CPU.Build.0 = Debug|Any CPU
		{7C1C21E7-44AD-41FF-A1C1-B1028F498670}.Release|Any CPU.ActiveCfg = Release|Any CPU
		{7C1C21E7-44AD-41FF-A1C1-B1028F498670}.Release|Any CPU.Build.0 = Release|Any CPU
		{FB899D78-1E1E-4AA1-A7C6-F310B9D09C5B}.Debug|Any CPU.ActiveCfg = Debug|Any CPU
		{FB899D78-1E1E-4AA1-A7C6-F310B9D09C5B}.Debug|Any CPU.Build.0 = Debug|Any CPU
		{FB899D78-1E1E-4AA1-A7C6-F310B9D09C5B}.Release|Any CPU.ActiveCfg = Release|Any CPU
		{FB899D78-1E1E-4AA1-A7C6-F310B9D09C5B}.Release|Any CPU.Build.0 = Release|Any CPU
		{B74738FB-D187-4485-AA73-6C7D266E76A7}.Debug|Any CPU.ActiveCfg = Debug|Any CPU
		{B74738FB-D187-4485-AA73-6C7D266E76A7}.Debug|Any CPU.Build.0 = Debug|Any CPU
		{B74738FB-D187-4485-AA73-6C7D266E76A7}.Release|Any CPU.ActiveCfg = Release|Any CPU
		{B74738FB-D187-4485-AA73-6C7D266E76A7}.Release|Any CPU.Build.0 = Release|Any CPU
		{C8BD1144-60E0-474C-8F79-E7B60AAF49D9}.Debug|Any CPU.ActiveCfg = Debug|Any CPU
		{C8BD1144-60E0-474C-8F79-E7B60AAF49D9}.Debug|Any CPU.Build.0 = Debug|Any CPU
		{C8BD1144-60E0-474C-8F79-E7B60AAF49D9}.Release|Any CPU.ActiveCfg = Release|Any CPU
		{C8BD1144-60E0-474C-8F79-E7B60AAF49D9}.Release|Any CPU.Build.0 = Release|Any CPU
	EndGlobalSection
	GlobalSection(SolutionProperties) = preSolution
		HideSolutionNode = FALSE
	EndGlobalSection
	GlobalSection(ExtensibilityGlobals) = postSolution
		SolutionGuid = {3C46E97B-F908-4BCD-A2D7-BA7EB76F4EBB}
	EndGlobalSection
EndGlobal
